<?xml version="1.0" encoding="utf-8"?>
<Project ToolsVersion="4.0" xmlns="http://schemas.microsoft.com/developer/msbuild/2003">
  <ItemGroup>
    <Filter Include="LakeEngine">
      <UniqueIdentifier>{B87B2A53-A433-6CA0-0D3B-45FCF9110791}</UniqueIdentifier>
    </Filter>
  </ItemGroup>
  <ItemGroup>
    <ClInclude Include="src\LakeEngine.h" />
    <ClInclude Include="src\LakeEngine\Application.h">
      <Filter>LakeEngine</Filter>
    </ClInclude>
    <ClInclude Include="src\LakeEngine\Core.h">
      <Filter>LakeEngine</Filter>
    </ClInclude>
    <ClInclude Include="src\LakeEngine\EntryPoint.h">
      <Filter>LakeEngine</Filter>
    </ClInclude>
    <ClInclude Include="src\LakeEngine\Log.h">
      <Filter>LakeEngine</Filter>
    </ClInclude>
  </ItemGroup>
  <ItemGroup>
    <ClCompile Include="src\LakeEngine\Application.cpp">
      <Filter>LakeEngine</Filter>
    </ClCompile>
    <ClCompile Include="src\LakeEngine\Log.cpp">
      <Filter>LakeEngine</Filter>
    </ClCompile>
  </ItemGroup>
</Project>